Microsoft Visual Studio Solution File, Format Version 12.00
# Visual Studio Version 17
VisualStudioVersion = 17.5.2.0
MinimumVisualStudioVersion = 10.0.40219.1
Project("{FAE04EC0-301F-11D3-BF4B-00C04F79EFBC}") = "APKingdom2Crown", "APKingdom2Crown.csproj", "{D008E3FC-3043-3A9E-3DFD-97E760CAE80E}"
EndProject
Global
	GlobalSection(SolutionConfigurationPlatforms) = preSolution
		Debug|Any CPU = Debug|Any CPU
		Release|Any CPU = Release|Any CPU
	EndGlobalSection
	GlobalSection(ProjectConfigurationPlatforms) = postSolution
		{D008E3FC-3043-3A9E-3DFD-97E760CAE80E}.Debug|Any CPU.ActiveCfg = Debug|Any CPU
		{D008E3FC-3043-3A9E-3DFD-97E760CAE80E}.Debug|Any CPU.Build.0 = Debug|Any CPU
		{D008E3FC-3043-3A9E-3DFD-97E760CAE80E}.Release|Any CPU.ActiveCfg = Release|Any CPU
		{D008E3FC-3043-3A9E-3DFD-97E760CAE80E}.Release|Any CPU.Build.0 = Release|Any CPU
	EndGlobalSection
	GlobalSection(SolutionProperties) = preSolution
		HideSolutionNode = FALSE
	EndGlobalSection
	GlobalSection(ExtensibilityGlobals) = postSolution
		SolutionGuid = {6FE56125-6CD6-4FFF-A2D2-2B3645A7454F}
	EndGlobalSection
EndGlobal
